
Microsoft Visual Studio Solution File, Format Version 12.00
# Visual Studio Version 16
VisualStudioVersion = 16.0.32413.511
MinimumVisualStudioVersion = 10.0.40219.1
Project("{FAE04EC0-301F-11D3-BF4B-00C04F79EFBC}") = "Calling_Methods", "Calling_Methods.csproj", "{2C779F52-8D72-480D-B96E-3A4450EFD61B}"
EndProject
Global
	GlobalSection(SolutionConfigurationPlatforms) = preSolution
		Debug|Any CPU = Debug|Any CPU
		Release|Any CPU = Release|Any CPU
	EndGlobalSection
	GlobalSection(ProjectConfigurationPlatforms) = postSolution
		{2C779F52-8D72-480D-B96E-3A4450EFD61B}.Debug|Any CPU.ActiveCfg = Debug|Any CPU
		{2C779F52-8D72-480D-B96E-3A4450EFD61B}.Debug|Any CPU.Build.0 = Debug|Any CPU
		{2C779F52-8D72-480D-B96E-3A4450EFD61B}.Release|Any CPU.ActiveCfg = Release|Any CPU
		{2C779F52-8D72-480D-B96E-3A4450EFD61B}.Release|Any CPU.Build.0 = Release|Any CPU
	EndGlobalSection
	GlobalSection(SolutionProperties) = preSolution
		HideSolutionNode = FALSE
	EndGlobalSection
	GlobalSection(ExtensibilityGlobals) = postSolution
		SolutionGuid = {3548B60C-EF27-4793-9DD0-57A327100DA0}
	EndGlobalSection
EndGlobal
