
Microsoft Visual Studio Solution File, Format Version 12.00
# Visual Studio Version 16
VisualStudioVersion = 16.0.32413.511
MinimumVisualStudioVersion = 10.0.40219.1
Project("{FAE04EC0-301F-11D3-BF4B-00C04F79EFBC}") = "MathAndComparisonOperators", "MathAndComparisonOperators\MathAndComparisonOperators.csproj", "{5C6E4186-7153-4F9A-891F-51EB5CE8B5AE}"
EndProject
Project("{FAE04EC0-301F-11D3-BF4B-00C04F79EFBC}") = "AnonymousIncomeProgram", "AnonymousIncomeProgram\AnonymousIncomeProgram.csproj", "{F7DA3B2C-F8B2-45D6-969D-299CE14DAE40}"
EndProject
Global
	GlobalSection(SolutionConfigurationPlatforms) = preSolution
		Debug|Any CPU = Debug|Any CPU
		Release|Any CPU = Release|Any CPU
	EndGlobalSection
	GlobalSection(ProjectConfigurationPlatforms) = postSolution
		{5C6E4186-7153-4F9A-891F-51EB5CE8B5AE}.Debug|Any CPU.ActiveCfg = Debug|Any CPU
		{5C6E4186-7153-4F9A-891F-51EB5CE8B5AE}.Debug|Any CPU.Build.0 = Debug|Any CPU
		{5C6E4186-7153-4F9A-891F-51EB5CE8B5AE}.Release|Any CPU.ActiveCfg = Release|Any CPU
		{5C6E4186-7153-4F9A-891F-51EB5CE8B5AE}.Release|Any CPU.Build.0 = Release|Any CPU
		{F7DA3B2C-F8B2-45D6-969D-299CE14DAE40}.Debug|Any CPU.ActiveCfg = Debug|Any CPU
		{F7DA3B2C-F8B2-45D6-969D-299CE14DAE40}.Debug|Any CPU.Build.0 = Debug|Any CPU
		{F7DA3B2C-F8B2-45D6-969D-299CE14DAE40}.Release|Any CPU.ActiveCfg = Release|Any CPU
		{F7DA3B2C-F8B2-45D6-969D-299CE14DAE40}.Release|Any CPU.Build.0 = Release|Any CPU
	EndGlobalSection
	GlobalSection(SolutionProperties) = preSolution
		HideSolutionNode = FALSE
	EndGlobalSection
	GlobalSection(ExtensibilityGlobals) = postSolution
		SolutionGuid = {6C4EF28E-D91C-4ACF-8387-5444F5A1FEEB}
	EndGlobalSection
EndGlobal
