
Microsoft Visual Studio Solution File, Format Version 12.00
# Visual Studio Version 16
VisualStudioVersion = 16.0.32413.511
MinimumVisualStudioVersion = 10.0.40219.1
Project("{FAE04EC0-301F-11D3-BF4B-00C04F79EFBC}") = "Class_Submission", "Class_Submission.csproj", "{7FA374C2-A573-4BEE-899A-8112204D508B}"
EndProject
Global
	GlobalSection(SolutionConfigurationPlatforms) = preSolution
		Debug|Any CPU = Debug|Any CPU
		Release|Any CPU = Release|Any CPU
	EndGlobalSection
	GlobalSection(ProjectConfigurationPlatforms) = postSolution
		{7FA374C2-A573-4BEE-899A-8112204D508B}.Debug|Any CPU.ActiveCfg = Debug|Any CPU
		{7FA374C2-A573-4BEE-899A-8112204D508B}.Debug|Any CPU.Build.0 = Debug|Any CPU
		{7FA374C2-A573-4BEE-899A-8112204D508B}.Release|Any CPU.ActiveCfg = Release|Any CPU
		{7FA374C2-A573-4BEE-899A-8112204D508B}.Release|Any CPU.Build.0 = Release|Any CPU
	EndGlobalSection
	GlobalSection(SolutionProperties) = preSolution
		HideSolutionNode = FALSE
	EndGlobalSection
	GlobalSection(ExtensibilityGlobals) = postSolution
		SolutionGuid = {FB0762CF-571E-4229-8027-BFECAA9E60BB}
	EndGlobalSection
EndGlobal
