
Microsoft Visual Studio Solution File, Format Version 12.00
# Visual Studio Version 16
VisualStudioVersion = 16.0.32413.511
MinimumVisualStudioVersion = 10.0.40219.1
Project("{FAE04EC0-301F-11D3-BF4B-00C04F79EFBC}") = "VariablesAndDataTypes", "VariablesAndDataTypes\VariablesAndDataTypes.csproj", "{B8566C6A-8216-4387-83C7-F4F3EFC4D17C}"
EndProject
Global
	GlobalSection(SolutionConfigurationPlatforms) = preSolution
		Debug|Any CPU = Debug|Any CPU
		Release|Any CPU = Release|Any CPU
	EndGlobalSection
	GlobalSection(ProjectConfigurationPlatforms) = postSolution
		{B8566C6A-8216-4387-83C7-F4F3EFC4D17C}.Debug|Any CPU.ActiveCfg = Debug|Any CPU
		{B8566C6A-8216-4387-83C7-F4F3EFC4D17C}.Debug|Any CPU.Build.0 = Debug|Any CPU
		{B8566C6A-8216-4387-83C7-F4F3EFC4D17C}.Release|Any CPU.ActiveCfg = Release|Any CPU
		{B8566C6A-8216-4387-83C7-F4F3EFC4D17C}.Release|Any CPU.Build.0 = Release|Any CPU
	EndGlobalSection
	GlobalSection(SolutionProperties) = preSolution
		HideSolutionNode = FALSE
	EndGlobalSection
	GlobalSection(ExtensibilityGlobals) = postSolution
		SolutionGuid = {8922213C-5F96-47D2-9BA0-98452B1E8773}
	EndGlobalSection
EndGlobal
