
Microsoft Visual Studio Solution File, Format Version 12.00
# Visual Studio Version 16
VisualStudioVersion = 16.0.32413.511
MinimumVisualStudioVersion = 10.0.40219.1
Project("{FAE04EC0-301F-11D3-BF4B-00C04F79EFBC}") = "ExceptionHandling", "ExceptionHandling.csproj", "{D338EC1C-D6BD-4AEA-9326-5AFC0BEE277E}"
EndProject
Global
	GlobalSection(SolutionConfigurationPlatforms) = preSolution
		Debug|Any CPU = Debug|Any CPU
		Release|Any CPU = Release|Any CPU
	EndGlobalSection
	GlobalSection(ProjectConfigurationPlatforms) = postSolution
		{D338EC1C-D6BD-4AEA-9326-5AFC0BEE277E}.Debug|Any CPU.ActiveCfg = Debug|Any CPU
		{D338EC1C-D6BD-4AEA-9326-5AFC0BEE277E}.Debug|Any CPU.Build.0 = Debug|Any CPU
		{D338EC1C-D6BD-4AEA-9326-5AFC0BEE277E}.Release|Any CPU.ActiveCfg = Release|Any CPU
		{D338EC1C-D6BD-4AEA-9326-5AFC0BEE277E}.Release|Any CPU.Build.0 = Release|Any CPU
	EndGlobalSection
	GlobalSection(SolutionProperties) = preSolution
		HideSolutionNode = FALSE
	EndGlobalSection
	GlobalSection(ExtensibilityGlobals) = postSolution
		SolutionGuid = {3E379913-C45E-4CEF-9AA2-01C8DBAA8DAC}
	EndGlobalSection
EndGlobal
